
Microsoft Visual Studio Solution File, Format Version 12.00
# Visual Studio Version 17
VisualStudioVersion = 17.9.34728.123
MinimumVisualStudioVersion = 10.0.40219.1
Project("{FAE04EC0-301F-11D3-BF4B-00C04F79EFBC}") = "03-GerenciamentodeEletrodomesticos", "03-GerenciamentodeEletrodomesticos\03-GerenciamentodeEletrodomesticos.csproj", "{4CF1DFE3-8141-4A3C-B73D-D1E85B5B639D}"
EndProject
Global
	GlobalSection(SolutionConfigurationPlatforms) = preSolution
		Debug|Any CPU = Debug|Any CPU
		Release|Any CPU = Release|Any CPU
	EndGlobalSection
	GlobalSection(ProjectConfigurationPlatforms) = postSolution
		{4CF1DFE3-8141-4A3C-B73D-D1E85B5B639D}.Debug|Any CPU.ActiveCfg = Debug|Any CPU
		{4CF1DFE3-8141-4A3C-B73D-D1E85B5B639D}.Debug|Any CPU.Build.0 = Debug|Any CPU
		{4CF1DFE3-8141-4A3C-B73D-D1E85B5B639D}.Release|Any CPU.ActiveCfg = Release|Any CPU
		{4CF1DFE3-8141-4A3C-B73D-D1E85B5B639D}.Release|Any CPU.Build.0 = Release|Any CPU
	EndGlobalSection
	GlobalSection(SolutionProperties) = preSolution
		HideSolutionNode = FALSE
	EndGlobalSection
	GlobalSection(ExtensibilityGlobals) = postSolution
		SolutionGuid = {1E958E9B-E6EF-4096-83DF-9216F0539D93}
	EndGlobalSection
EndGlobal
